
Microsoft Visual Studio Solution File, Format Version 12.00
# Visual Studio 15
VisualStudioVersion = 15.0.28307.1300
MinimumVisualStudioVersion = 10.0.40219.1
Project("{FAE04EC0-301F-11D3-BF4B-00C04F79EFBC}") = "WhenAllTPL", "WhenAllTPL\WhenAllTPL.csproj", "{B1CFEBA8-4311-4EDE-B1EC-5C15F48CB57A}"
EndProject
Global
	GlobalSection(SolutionConfigurationPlatforms) = preSolution
		Debug|Any CPU = Debug|Any CPU
		Release|Any CPU = Release|Any CPU
	EndGlobalSection
	GlobalSection(ProjectConfigurationPlatforms) = postSolution
		{B1CFEBA8-4311-4EDE-B1EC-5C15F48CB57A}.Debug|Any CPU.ActiveCfg = Debug|Any CPU
		{B1CFEBA8-4311-4EDE-B1EC-5C15F48CB57A}.Debug|Any CPU.Build.0 = Debug|Any CPU
		{B1CFEBA8-4311-4EDE-B1EC-5C15F48CB57A}.Release|Any CPU.ActiveCfg = Release|Any CPU
		{B1CFEBA8-4311-4EDE-B1EC-5C15F48CB57A}.Release|Any CPU.Build.0 = Release|Any CPU
	EndGlobalSection
	GlobalSection(SolutionProperties) = preSolution
		HideSolutionNode = FALSE
	EndGlobalSection
	GlobalSection(ExtensibilityGlobals) = postSolution
		SolutionGuid = {55F06193-2191-4F8D-B1E9-ED804ACEC6ED}
	EndGlobalSection
EndGlobal
